
Microsoft Visual Studio Solution File, Format Version 12.00
# Visual Studio Version 17
VisualStudioVersion = 17.9.34622.214
MinimumVisualStudioVersion = 10.0.40219.1
Project("{8BC9CEB8-8B4A-11D0-8D11-00A0C91BC942}") = "ParseUrlTests", "ParseUrlTests\ParseUrlTests.vcxproj", "{CE0DB078-84DD-4754-AC91-1D2EAD2E7520}"
EndProject
Global
	GlobalSection(SolutionConfigurationPlatforms) = preSolution
		Debug|x64 = Debug|x64
		Debug|x86 = Debug|x86
		Release|x64 = Release|x64
		Release|x86 = Release|x86
	EndGlobalSection
	GlobalSection(ProjectConfigurationPlatforms) = postSolution
		{CE0DB078-84DD-4754-AC91-1D2EAD2E7520}.Debug|x64.ActiveCfg = Debug|x64
		{CE0DB078-84DD-4754-AC91-1D2EAD2E7520}.Debug|x64.Build.0 = Debug|x64
		{CE0DB078-84DD-4754-AC91-1D2EAD2E7520}.Debug|x86.ActiveCfg = Debug|Win32
		{CE0DB078-84DD-4754-AC91-1D2EAD2E7520}.Debug|x86.Build.0 = Debug|Win32
		{CE0DB078-84DD-4754-AC91-1D2EAD2E7520}.Release|x64.ActiveCfg = Release|x64
		{CE0DB078-84DD-4754-AC91-1D2EAD2E7520}.Release|x64.Build.0 = Release|x64
		{CE0DB078-84DD-4754-AC91-1D2EAD2E7520}.Release|x86.ActiveCfg = Release|Win32
		{CE0DB078-84DD-4754-AC91-1D2EAD2E7520}.Release|x86.Build.0 = Release|Win32
	EndGlobalSection
	GlobalSection(SolutionProperties) = preSolution
		HideSolutionNode = FALSE
	EndGlobalSection
	GlobalSection(ExtensibilityGlobals) = postSolution
		SolutionGuid = {B7260320-5762-4286-B39B-DAC75C124DA9}
	EndGlobalSection
EndGlobal
